
Microsoft Visual Studio Solution File, Format Version 12.00
# Visual Studio Version 17
VisualStudioVersion = 17.11.35219.272
MinimumVisualStudioVersion = 10.0.40219.1
Project("{FAE04EC0-301F-11D3-BF4B-00C04F79EFBC}") = "OnlineBookStore", "OnlineBookStore\OnlineBookStore.csproj", "{ABDE68D1-538C-4071-B7A6-6CAFCCCCFA06}"
EndProject
Global
	GlobalSection(SolutionConfigurationPlatforms) = preSolution
		Debug|Any CPU = Debug|Any CPU
		Release|Any CPU = Release|Any CPU
	EndGlobalSection
	GlobalSection(ProjectConfigurationPlatforms) = postSolution
		{ABDE68D1-538C-4071-B7A6-6CAFCCCCFA06}.Debug|Any CPU.ActiveCfg = Debug|Any CPU
		{ABDE68D1-538C-4071-B7A6-6CAFCCCCFA06}.Debug|Any CPU.Build.0 = Debug|Any CPU
		{ABDE68D1-538C-4071-B7A6-6CAFCCCCFA06}.Release|Any CPU.ActiveCfg = Release|Any CPU
		{ABDE68D1-538C-4071-B7A6-6CAFCCCCFA06}.Release|Any CPU.Build.0 = Release|Any CPU
	EndGlobalSection
	GlobalSection(SolutionProperties) = preSolution
		HideSolutionNode = FALSE
	EndGlobalSection
	GlobalSection(ExtensibilityGlobals) = postSolution
		SolutionGuid = {00A4221C-3BFD-4EF0-B7B9-97754425347E}
	EndGlobalSection
EndGlobal
